
Microsoft Visual Studio Solution File, Format Version 12.00
# Visual Studio Version 17
VisualStudioVersion = 17.4.33403.182
MinimumVisualStudioVersion = 10.0.40219.1
Project("{888888A0-9F3D-457C-B088-3A5042F75D52}") = "TestApp", "TestApp\TestApp.pyproj", "{2021F342-E85E-4E7E-ACB3-998B58A88FC1}"
EndProject
Global
	GlobalSection(SolutionConfigurationPlatforms) = preSolution
		Debug|Any CPU = Debug|Any CPU
		Release|Any CPU = Release|Any CPU
	EndGlobalSection
	GlobalSection(ProjectConfigurationPlatforms) = postSolution
		{2021F342-E85E-4E7E-ACB3-998B58A88FC1}.Debug|Any CPU.ActiveCfg = Debug|Any CPU
		{2021F342-E85E-4E7E-ACB3-998B58A88FC1}.Release|Any CPU.ActiveCfg = Release|Any CPU
	EndGlobalSection
	GlobalSection(SolutionProperties) = preSolution
		HideSolutionNode = FALSE
	EndGlobalSection
	GlobalSection(ExtensibilityGlobals) = postSolution
		SolutionGuid = {7FDD9B16-337F-4989-AD97-498A971E6A75}
	EndGlobalSection
EndGlobal
